
Microsoft Visual Studio Solution File, Format Version 12.00
# Visual Studio Version 17
VisualStudioVersion = 17.12.35527.113
MinimumVisualStudioVersion = 10.0.40219.1
Project("{FAE04EC0-301F-11D3-BF4B-00C04F79EFBC}") = "MLHR", "MLHR\MLHR.csproj", "{299FFF12-5729-4E7F-8D25-E6BF0EC379FB}"
EndProject
Project("{FAE04EC0-301F-11D3-BF4B-00C04F79EFBC}") = "BusinessObject", "BusinessObject\BusinessObject.csproj", "{0BF15D9C-24FE-40BB-B329-0210511E4F64}"
EndProject
Project("{FAE04EC0-301F-11D3-BF4B-00C04F79EFBC}") = "DataAccessLayer", "DataAccessLayer\DataAccessLayer.csproj", "{EAB5C78A-8283-47D4-A6E6-3978F17EB15A}"
EndProject
Project("{FAE04EC0-301F-11D3-BF4B-00C04F79EFBC}") = "Repo", "Repo\Repo.csproj", "{BB83C7C8-3FA8-4502-8E11-7A774FDFAE71}"
EndProject
Project("{FAE04EC0-301F-11D3-BF4B-00C04F79EFBC}") = "Services", "Services\Services.csproj", "{EAF881C7-FAA0-4B37-BE23-76F6DE932601}"
EndProject
Global
	GlobalSection(SolutionConfigurationPlatforms) = preSolution
		Debug|Any CPU = Debug|Any CPU
		Release|Any CPU = Release|Any CPU
	EndGlobalSection
	GlobalSection(ProjectConfigurationPlatforms) = postSolution
		{299FFF12-5729-4E7F-8D25-E6BF0EC379FB}.Debug|Any CPU.ActiveCfg = Debug|Any CPU
		{299FFF12-5729-4E7F-8D25-E6BF0EC379FB}.Debug|Any CPU.Build.0 = Debug|Any CPU
		{299FFF12-5729-4E7F-8D25-E6BF0EC379FB}.Release|Any CPU.ActiveCfg = Release|Any CPU
		{299FFF12-5729-4E7F-8D25-E6BF0EC379FB}.Release|Any CPU.Build.0 = Release|Any CPU
		{0BF15D9C-24FE-40BB-B329-0210511E4F64}.Debug|Any CPU.ActiveCfg = Debug|Any CPU
		{0BF15D9C-24FE-40BB-B329-0210511E4F64}.Debug|Any CPU.Build.0 = Debug|Any CPU
		{0BF15D9C-24FE-40BB-B329-0210511E4F64}.Release|Any CPU.ActiveCfg = Release|Any CPU
		{0BF15D9C-24FE-40BB-B329-0210511E4F64}.Release|Any CPU.Build.0 = Release|Any CPU
		{EAB5C78A-8283-47D4-A6E6-3978F17EB15A}.Debug|Any CPU.ActiveCfg = Debug|Any CPU
		{EAB5C78A-8283-47D4-A6E6-3978F17EB15A}.Debug|Any CPU.Build.0 = Debug|Any CPU
		{EAB5C78A-8283-47D4-A6E6-3978F17EB15A}.Release|Any CPU.ActiveCfg = Release|Any CPU
		{EAB5C78A-8283-47D4-A6E6-3978F17EB15A}.Release|Any CPU.Build.0 = Release|Any CPU
		{BB83C7C8-3FA8-4502-8E11-7A774FDFAE71}.Debug|Any CPU.ActiveCfg = Debug|Any CPU
		{BB83C7C8-3FA8-4502-8E11-7A774FDFAE71}.Debug|Any CPU.Build.0 = Debug|Any CPU
		{BB83C7C8-3FA8-4502-8E11-7A774FDFAE71}.Release|Any CPU.ActiveCfg = Release|Any CPU
		{BB83C7C8-3FA8-4502-8E11-7A774FDFAE71}.Release|Any CPU.Build.0 = Release|Any CPU
		{EAF881C7-FAA0-4B37-BE23-76F6DE932601}.Debug|Any CPU.ActiveCfg = Debug|Any CPU
		{EAF881C7-FAA0-4B37-BE23-76F6DE932601}.Debug|Any CPU.Build.0 = Debug|Any CPU
		{EAF881C7-FAA0-4B37-BE23-76F6DE932601}.Release|Any CPU.ActiveCfg = Release|Any CPU
		{EAF881C7-FAA0-4B37-BE23-76F6DE932601}.Release|Any CPU.Build.0 = Release|Any CPU
	EndGlobalSection
	GlobalSection(SolutionProperties) = preSolution
		HideSolutionNode = FALSE
	EndGlobalSection
EndGlobal
